
Microsoft Visual Studio Solution File, Format Version 12.00
# Visual Studio Version 16
VisualStudioVersion = 16.0.29324.140
MinimumVisualStudioVersion = 10.0.40219.1
Project("{FAE04EC0-301F-11D3-BF4B-00C04F79EFBC}") = "개드립콘 파싱툴", "개드립콘 파싱툴\개드립콘 파싱툴.csproj", "{FC3160BA-DFF0-4E72-9FD7-036EBFDDF526}"
EndProject
Global
	GlobalSection(SolutionConfigurationPlatforms) = preSolution
		Debug|Any CPU = Debug|Any CPU
		Release|Any CPU = Release|Any CPU
	EndGlobalSection
	GlobalSection(ProjectConfigurationPlatforms) = postSolution
		{FC3160BA-DFF0-4E72-9FD7-036EBFDDF526}.Debug|Any CPU.ActiveCfg = Debug|Any CPU
		{FC3160BA-DFF0-4E72-9FD7-036EBFDDF526}.Debug|Any CPU.Build.0 = Debug|Any CPU
		{FC3160BA-DFF0-4E72-9FD7-036EBFDDF526}.Release|Any CPU.ActiveCfg = Release|Any CPU
		{FC3160BA-DFF0-4E72-9FD7-036EBFDDF526}.Release|Any CPU.Build.0 = Release|Any CPU
	EndGlobalSection
	GlobalSection(SolutionProperties) = preSolution
		HideSolutionNode = FALSE
	EndGlobalSection
	GlobalSection(ExtensibilityGlobals) = postSolution
		SolutionGuid = {ADD0F43F-1E4E-4F90-A3FD-217E1940E2B3}
	EndGlobalSection
EndGlobal
